
Microsoft Visual Studio Solution File, Format Version 12.00
# Visual Studio Version 17
VisualStudioVersion = 17.6.33801.468
MinimumVisualStudioVersion = 10.0.40219.1
Project("{FAE04EC0-301F-11D3-BF4B-00C04F79EFBC}") = "weatherapp3", "weatherapp3\weatherapp3.csproj", "{71E95057-5AB6-4EA3-95EF-4F8353C3221E}"
EndProject
Global
	GlobalSection(SolutionConfigurationPlatforms) = preSolution
		Debug|Any CPU = Debug|Any CPU
		Release|Any CPU = Release|Any CPU
	EndGlobalSection
	GlobalSection(ProjectConfigurationPlatforms) = postSolution
		{71E95057-5AB6-4EA3-95EF-4F8353C3221E}.Debug|Any CPU.ActiveCfg = Debug|Any CPU
		{71E95057-5AB6-4EA3-95EF-4F8353C3221E}.Debug|Any CPU.Build.0 = Debug|Any CPU
		{71E95057-5AB6-4EA3-95EF-4F8353C3221E}.Release|Any CPU.ActiveCfg = Release|Any CPU
		{71E95057-5AB6-4EA3-95EF-4F8353C3221E}.Release|Any CPU.Build.0 = Release|Any CPU
	EndGlobalSection
	GlobalSection(SolutionProperties) = preSolution
		HideSolutionNode = FALSE
	EndGlobalSection
	GlobalSection(ExtensibilityGlobals) = postSolution
		SolutionGuid = {A4FAFEEE-6BF1-4503-856C-4D4E06E1ED9A}
	EndGlobalSection
EndGlobal
